
Microsoft Visual Studio Solution File, Format Version 12.00
# Visual Studio Version 16
VisualStudioVersion = 16.0.32602.291
MinimumVisualStudioVersion = 10.0.40219.1
Project("{FAE04EC0-301F-11D3-BF4B-00C04F79EFBC}") = "ExpectionTask", "ExpectionTask\ExpectionTask.csproj", "{2AD5AB9D-AFA0-47E8-A1C0-EB6300CF9930}"
EndProject
Global
	GlobalSection(SolutionConfigurationPlatforms) = preSolution
		Debug|Any CPU = Debug|Any CPU
		Release|Any CPU = Release|Any CPU
	EndGlobalSection
	GlobalSection(ProjectConfigurationPlatforms) = postSolution
		{2AD5AB9D-AFA0-47E8-A1C0-EB6300CF9930}.Debug|Any CPU.ActiveCfg = Debug|Any CPU
		{2AD5AB9D-AFA0-47E8-A1C0-EB6300CF9930}.Debug|Any CPU.Build.0 = Debug|Any CPU
		{2AD5AB9D-AFA0-47E8-A1C0-EB6300CF9930}.Release|Any CPU.ActiveCfg = Release|Any CPU
		{2AD5AB9D-AFA0-47E8-A1C0-EB6300CF9930}.Release|Any CPU.Build.0 = Release|Any CPU
	EndGlobalSection
	GlobalSection(SolutionProperties) = preSolution
		HideSolutionNode = FALSE
	EndGlobalSection
	GlobalSection(ExtensibilityGlobals) = postSolution
		SolutionGuid = {3F44F80C-7902-4AD2-9432-7A0B905E4189}
	EndGlobalSection
EndGlobal
